
Microsoft Visual Studio Solution File, Format Version 12.00
# Visual Studio Version 16
VisualStudioVersion = 16.0.30804.86
MinimumVisualStudioVersion = 10.0.40219.1
Project("{9A19103F-16F7-4668-BE54-9A1E7A4F7556}") = "MiAngular", "MiAngular\MiAngular.csproj", "{37E0388A-6BFD-4E0E-9B41-EE70463888F5}"
EndProject
Project("{FAE04EC0-301F-11D3-BF4B-00C04F79EFBC}") = "API Chat", "API Chat\API Chat.csproj", "{259CDD68-410F-4DCC-BBA5-40D97F6BA975}"
EndProject
Global
	GlobalSection(SolutionConfigurationPlatforms) = preSolution
		Debug|Any CPU = Debug|Any CPU
		Release|Any CPU = Release|Any CPU
	EndGlobalSection
	GlobalSection(ProjectConfigurationPlatforms) = postSolution
		{37E0388A-6BFD-4E0E-9B41-EE70463888F5}.Debug|Any CPU.ActiveCfg = Debug|Any CPU
		{37E0388A-6BFD-4E0E-9B41-EE70463888F5}.Debug|Any CPU.Build.0 = Debug|Any CPU
		{37E0388A-6BFD-4E0E-9B41-EE70463888F5}.Release|Any CPU.ActiveCfg = Release|Any CPU
		{37E0388A-6BFD-4E0E-9B41-EE70463888F5}.Release|Any CPU.Build.0 = Release|Any CPU
		{259CDD68-410F-4DCC-BBA5-40D97F6BA975}.Debug|Any CPU.ActiveCfg = Debug|Any CPU
		{259CDD68-410F-4DCC-BBA5-40D97F6BA975}.Debug|Any CPU.Build.0 = Debug|Any CPU
		{259CDD68-410F-4DCC-BBA5-40D97F6BA975}.Release|Any CPU.ActiveCfg = Release|Any CPU
		{259CDD68-410F-4DCC-BBA5-40D97F6BA975}.Release|Any CPU.Build.0 = Release|Any CPU
	EndGlobalSection
	GlobalSection(SolutionProperties) = preSolution
		HideSolutionNode = FALSE
	EndGlobalSection
	GlobalSection(ExtensibilityGlobals) = postSolution
		SolutionGuid = {5C0BF5A2-BA01-4510-A58E-E5CD8A9B3AEF}
	EndGlobalSection
EndGlobal
